PODS:
  - FlagPhoneNumber (0.8.2):
    - FlagPhoneNumber/libPhoneNumberiOS (= 0.8.2)
  - FlagPhoneNumber/libPhoneNumberiOS (0.8.2)

DEPENDENCIES:
  - FlagPhoneNumber (from `../`)

EXTERNAL SOURCES:
  FlagPhoneNumber:
    :path: "../"

SPEC CHECKSUMS:
  FlagPhoneNumber: 64a129e5c27c0f7989562394740f8f2744a24766

PODFILE CHECKSUM: af6e5d2788506eafefe46d7eddeb65bbfd0082b6

COCOAPODS: 1.8.3
